
Microsoft Visual Studio Solution File, Format Version 12.00
# Visual Studio Version 16
VisualStudioVersion = 16.0.30128.74
MinimumVisualStudioVersion = 10.0.40219.1
Project("{FAE04EC0-301F-11D3-BF4B-00C04F79EFBC}") = "Example.API", "src\Example.API\Example.API.csproj", "{2E41B0F7-12D2-4A63-B055-C0FFF6367435}"
EndProject
Project("{2150E333-8FDC-42A3-9474-1A3956D46DE8}") = "Web API", "Web API", "{CE3E8888-C269-41D4-A339-77A97DF467D8}"
EndProject
Project("{2150E333-8FDC-42A3-9474-1A3956D46DE8}") = "1. Api Layer", "1. Api Layer", "{22371AA9-5255-4B54-A84B-EC4BE20D7ED4}"
EndProject
Project("{2150E333-8FDC-42A3-9474-1A3956D46DE8}") = "2. Application Layer", "2. Application Layer", "{E99C9E54-8E9A-4358-922B-A9DB456FB736}"
EndProject
Project("{2150E333-8FDC-42A3-9474-1A3956D46DE8}") = "3. Domain Layer", "3. Domain Layer", "{3430E032-6AB7-48BF-8469-775AE5E42E88}"
EndProject
Project("{2150E333-8FDC-42A3-9474-1A3956D46DE8}") = "4. Infra Layer", "4. Infra Layer", "{B9B6982D-D425-4945-9244-52C4A317ED0E}"
EndProject
Project("{FAE04EC0-301F-11D3-BF4B-00C04F79EFBC}") = "Example.Application", "Web API\Example.Application\Example.Application.csproj", "{1B92CA73-3486-4380-97E9-0FBE2F635ACF}"
EndProject
Project("{FAE04EC0-301F-11D3-BF4B-00C04F79EFBC}") = "Example.Infra.CrossCutting.IoC", "Web API\Example.Infra.CrossCutting.IoC\Example.Infra.CrossCutting.IoC.csproj", "{645B32DE-F762-4D17-B551-A18B9CE35EBB}"
EndProject
Project("{FAE04EC0-301F-11D3-BF4B-00C04F79EFBC}") = "Example.Domain", "Web API\Example.Domain\Example.Domain.csproj", "{8980D687-6625-4AB9-9883-F24E19F8EAF8}"
EndProject
Project("{FAE04EC0-301F-11D3-BF4B-00C04F79EFBC}") = "Example.Infra.Data", "Web API\Example.Infra.Data\Example.Infra.Data.csproj", "{7F3C32A0-B8FD-430A-AB9C-F47AD92F4381}"
EndProject
Global
	GlobalSection(SolutionConfigurationPlatforms) = preSolution
		Debug|Any CPU = Debug|Any CPU
		Release|Any CPU = Release|Any CPU
	EndGlobalSection
	GlobalSection(ProjectConfigurationPlatforms) = postSolution
		{2E41B0F7-12D2-4A63-B055-C0FFF6367435}.Debug|Any CPU.ActiveCfg = Debug|Any CPU
		{2E41B0F7-12D2-4A63-B055-C0FFF6367435}.Debug|Any CPU.Build.0 = Debug|Any CPU
		{2E41B0F7-12D2-4A63-B055-C0FFF6367435}.Release|Any CPU.ActiveCfg = Release|Any CPU
		{2E41B0F7-12D2-4A63-B055-C0FFF6367435}.Release|Any CPU.Build.0 = Release|Any CPU
		{1B92CA73-3486-4380-97E9-0FBE2F635ACF}.Debug|Any CPU.ActiveCfg = Debug|Any CPU
		{1B92CA73-3486-4380-97E9-0FBE2F635ACF}.Debug|Any CPU.Build.0 = Debug|Any CPU
		{1B92CA73-3486-4380-97E9-0FBE2F635ACF}.Release|Any CPU.ActiveCfg = Release|Any CPU
		{1B92CA73-3486-4380-97E9-0FBE2F635ACF}.Release|Any CPU.Build.0 = Release|Any CPU
		{645B32DE-F762-4D17-B551-A18B9CE35EBB}.Debug|Any CPU.ActiveCfg = Debug|Any CPU
		{645B32DE-F762-4D17-B551-A18B9CE35EBB}.Debug|Any CPU.Build.0 = Debug|Any CPU
		{645B32DE-F762-4D17-B551-A18B9CE35EBB}.Release|Any CPU.ActiveCfg = Release|Any CPU
		{645B32DE-F762-4D17-B551-A18B9CE35EBB}.Release|Any CPU.Build.0 = Release|Any CPU
		{8980D687-6625-4AB9-9883-F24E19F8EAF8}.Debug|Any CPU.ActiveCfg = Debug|Any CPU
		{8980D687-6625-4AB9-9883-F24E19F8EAF8}.Debug|Any CPU.Build.0 = Debug|Any CPU
		{8980D687-6625-4AB9-9883-F24E19F8EAF8}.Release|Any CPU.ActiveCfg = Release|Any CPU
		{8980D687-6625-4AB9-9883-F24E19F8EAF8}.Release|Any CPU.Build.0 = Release|Any CPU
		{7F3C32A0-B8FD-430A-AB9C-F47AD92F4381}.Debug|Any CPU.ActiveCfg = Debug|Any CPU
		{7F3C32A0-B8FD-430A-AB9C-F47AD92F4381}.Debug|Any CPU.Build.0 = Debug|Any CPU
		{7F3C32A0-B8FD-430A-AB9C-F47AD92F4381}.Release|Any CPU.ActiveCfg = Release|Any CPU
		{7F3C32A0-B8FD-430A-AB9C-F47AD92F4381}.Release|Any CPU.Build.0 = Release|Any CPU
	EndGlobalSection
	GlobalSection(SolutionProperties) = preSolution
		HideSolutionNode = FALSE
	EndGlobalSection
	GlobalSection(NestedProjects) = preSolution
		{2E41B0F7-12D2-4A63-B055-C0FFF6367435} = {22371AA9-5255-4B54-A84B-EC4BE20D7ED4}
		{22371AA9-5255-4B54-A84B-EC4BE20D7ED4} = {CE3E8888-C269-41D4-A339-77A97DF467D8}
		{E99C9E54-8E9A-4358-922B-A9DB456FB736} = {CE3E8888-C269-41D4-A339-77A97DF467D8}
		{3430E032-6AB7-48BF-8469-775AE5E42E88} = {CE3E8888-C269-41D4-A339-77A97DF467D8}
		{B9B6982D-D425-4945-9244-52C4A317ED0E} = {CE3E8888-C269-41D4-A339-77A97DF467D8}
		{1B92CA73-3486-4380-97E9-0FBE2F635ACF} = {E99C9E54-8E9A-4358-922B-A9DB456FB736}
		{645B32DE-F762-4D17-B551-A18B9CE35EBB} = {B9B6982D-D425-4945-9244-52C4A317ED0E}
		{8980D687-6625-4AB9-9883-F24E19F8EAF8} = {3430E032-6AB7-48BF-8469-775AE5E42E88}
		{7F3C32A0-B8FD-430A-AB9C-F47AD92F4381} = {B9B6982D-D425-4945-9244-52C4A317ED0E}
	EndGlobalSection
	GlobalSection(ExtensibilityGlobals) = postSolution
		SolutionGuid = {EBAE4189-6727-4027-A7C9-3359922493B9}
	EndGlobalSection
EndGlobal
